// !$*UTF8*$!
{
	archiveVersion = 1;
	classes = {
	};
	objectVersion = 56;
	objects = {

/* Begin PBXBuildFile section */
		452E8B872A25B9DE00B52154 /* PhotoListViewModel.swift in Sources */ = {isa = PBXBuildFile; fileRef = 452E8B862A25B9DE00B52154 /* PhotoListViewModel.swift */; };
		452E8B8B2A287DE100B52154 /* PhotoListCollectionViewCell.swift in Sources */ = {isa = PBXBuildFile; fileRef = 452E8B8A2A287DE100B52154 /* PhotoListCollectionViewCell.swift */; };
		452E8B902A2889E100B52154 /* PhotoListCollectionViewDataSource.swift in Sources */ = {isa = PBXBuildFile; fileRef = 452E8B8F2A2889E100B52154 /* PhotoListCollectionViewDataSource.swift */; };
		452E8B932A3080D200B52154 /* ImageCache.swift in Sources */ = {isa = PBXBuildFile; fileRef = 452E8B922A3080D200B52154 /* ImageCache.swift */; };
		452E8B952A3080FA00B52154 /* DownloadableImageView.swift in Sources */ = {isa = PBXBuildFile; fileRef = 452E8B942A3080FA00B52154 /* DownloadableImageView.swift */; };
		452E8B9E2A30829700B52154 /* SnapKit in Frameworks */ = {isa = PBXBuildFile; productRef = 452E8B9D2A30829700B52154 /* SnapKit */; };
		452E8BA32A30895700B52154 /* String+Extension.swift in Sources */ = {isa = PBXBuildFile; fileRef = 452E8BA22A30895700B52154 /* String+Extension.swift */; };
		452E8BA52A30898700B52154 /* UIViewController+Extension.swift in Sources */ = {isa = PBXBuildFile; fileRef = 452E8BA42A30898700B52154 /* UIViewController+Extension.swift */; };
		452E8BA62A38764C00B52154 /* Localizable.strings in Resources */ = {isa = PBXBuildFile; fileRef = 452E8BA82A38764C00B52154 /* Localizable.strings */; };
		45729F1B2A135675004C07DD /* AppDelegate.swift in Sources */ = {isa = PBXBuildFile; fileRef = 45729F1A2A135675004C07DD /* AppDelegate.swift */; };
		45729F1D2A135675004C07DD /* SceneDelegate.swift in Sources */ = {isa = PBXBuildFile; fileRef = 45729F1C2A135675004C07DD /* SceneDelegate.swift */; };
		45729F1F2A135675004C07DD /* MainTabBarController.swift in Sources */ = {isa = PBXBuildFile; fileRef = 45729F1E2A135675004C07DD /* MainTabBarController.swift */; };
		45729F242A135677004C07DD /* Assets.xcassets in Resources */ = {isa = PBXBuildFile; fileRef = 45729F232A135677004C07DD /* Assets.xcassets */; };
		45729F272A135677004C07DD /* LaunchScreen.storyboard in Resources */ = {isa = PBXBuildFile; fileRef = 45729F252A135677004C07DD /* LaunchScreen.storyboard */; };
		45729F4D2A15F5D3004C07DD /* Photo.swift in Sources */ = {isa = PBXBuildFile; fileRef = 45729F4C2A15F5D3004C07DD /* Photo.swift */; };
		45729F522A15F9A5004C07DD /* ImageURLStyle.swift in Sources */ = {isa = PBXBuildFile; fileRef = 45729F512A15F9A5004C07DD /* ImageURLStyle.swift */; };
		45729F542A15FACE004C07DD /* Search.swift in Sources */ = {isa = PBXBuildFile; fileRef = 45729F532A15FACE004C07DD /* Search.swift */; };
		45729F562A15FB12004C07DD /* Collection.swift in Sources */ = {isa = PBXBuildFile; fileRef = 45729F552A15FB12004C07DD /* Collection.swift */; };
		45729F582A15FB16004C07DD /* User.swift in Sources */ = {isa = PBXBuildFile; fileRef = 45729F572A15FB16004C07DD /* User.swift */; };
		45729F5B2A15FF4D004C07DD /* Endpoint.swift in Sources */ = {isa = PBXBuildFile; fileRef = 45729F5A2A15FF4D004C07DD /* Endpoint.swift */; };
		45729F5D2A15FFF2004C07DD /* HTTPMethod.swift in Sources */ = {isa = PBXBuildFile; fileRef = 45729F5C2A15FFF2004C07DD /* HTTPMethod.swift */; };
		45729F5F2A160118004C07DD /* NetworkError.swift in Sources */ = {isa = PBXBuildFile; fileRef = 45729F5E2A160118004C07DD /* NetworkError.swift */; };
		45729F612A16013E004C07DD /* NetworkProvider.swift in Sources */ = {isa = PBXBuildFile; fileRef = 45729F602A16013E004C07DD /* NetworkProvider.swift */; };
		45729F652A16023F004C07DD /* DefaultNetworkProvider.swift in Sources */ = {isa = PBXBuildFile; fileRef = 45729F642A16023F004C07DD /* DefaultNetworkProvider.swift */; };
		45729F682A160F41004C07DD /* PhotoRepository.swift in Sources */ = {isa = PBXBuildFile; fileRef = 45729F672A160F41004C07DD /* PhotoRepository.swift */; };
		45729F6A2A160FCE004C07DD /* SearchRepository.swift in Sources */ = {isa = PBXBuildFile; fileRef = 45729F692A160FCE004C07DD /* SearchRepository.swift */; };
		45729F6C2A1611EE004C07DD /* CategoryRepository.swift in Sources */ = {isa = PBXBuildFile; fileRef = 45729F6B2A1611EE004C07DD /* CategoryRepository.swift */; };
		45729F6E2A161325004C07DD /* Category.swift in Sources */ = {isa = PBXBuildFile; fileRef = 45729F6D2A161325004C07DD /* Category.swift */; };
		45729F792A1621EE004C07DD /* UnsplashResponseDTO+Mapping.swift in Sources */ = {isa = PBXBuildFile; fileRef = 45729F782A1621EE004C07DD /* UnsplashResponseDTO+Mapping.swift */; };
		45729F7B2A162239004C07DD /* UnsplashResponseDTO.swift in Sources */ = {isa = PBXBuildFile; fileRef = 45729F7A2A162239004C07DD /* UnsplashResponseDTO.swift */; };
		45729F7E2A1894E9004C07DD /* UnsplahAPIEndpoint.swift in Sources */ = {isa = PBXBuildFile; fileRef = 45729F7D2A1894E9004C07DD /* UnsplahAPIEndpoint.swift */; };
		45729F832A18988D004C07DD /* (null) in Sources */ = {isa = PBXBuildFile; };
		45729F872A18C375004C07DD /* PhotoListEndpoint.swift in Sources */ = {isa = PBXBuildFile; fileRef = 45729F862A18C375004C07DD /* PhotoListEndpoint.swift */; };
		45729F912A1F3E91004C07DD /* SearchCollectionEndpoint.swift in Sources */ = {isa = PBXBuildFile; fileRef = 45729F902A1F3E91004C07DD /* SearchCollectionEndpoint.swift */; };
		45729F932A1F44DF004C07DD /* SearchPhotoEndpoint.swift in Sources */ = {isa = PBXBuildFile; fileRef = 45729F922A1F44DF004C07DD /* SearchPhotoEndpoint.swift */; };
		45729F952A1F4568004C07DD /* CategoryEndpoint.swift in Sources */ = {isa = PBXBuildFile; fileRef = 45729F942A1F4568004C07DD /* CategoryEndpoint.swift */; };
		45729F972A1F458A004C07DD /* SearchUserEndpoint.swift in Sources */ = {isa = PBXBuildFile; fileRef = 45729F962A1F458A004C07DD /* SearchUserEndpoint.swift */; };
		45729F9A2A1F4ABC004C07DD /* DefaultPhotoRepository.swift in Sources */ = {isa = PBXBuildFile; fileRef = 45729F992A1F4ABC004C07DD /* DefaultPhotoRepository.swift */; };
		45729F9C2A1F4B8D004C07DD /* DefaultCategoryRepository.swift in Sources */ = {isa = PBXBuildFile; fileRef = 45729F9B2A1F4B8D004C07DD /* DefaultCategoryRepository.swift */; };
		45729F9E2A1F4C14004C07DD /* DefaultSearchRepository.swift in Sources */ = {isa = PBXBuildFile; fileRef = 45729F9D2A1F4C14004C07DD /* DefaultSearchRepository.swift */; };
		45729FA22A20D32B004C07DD /* PhotoUseCase.swift in Sources */ = {isa = PBXBuildFile; fileRef = 45729FA12A20D32B004C07DD /* PhotoUseCase.swift */; };
		45729FA42A20D43C004C07DD /* CategoryUseCase.swift in Sources */ = {isa = PBXBuildFile; fileRef = 45729FA32A20D43C004C07DD /* CategoryUseCase.swift */; };
		45729FA62A20D499004C07DD /* SearchUseCase.swift in Sources */ = {isa = PBXBuildFile; fileRef = 45729FA52A20D499004C07DD /* SearchUseCase.swift */; };
/* End PBXBuildFile section */

/* Begin PBXFileReference section */
		452E8B862A25B9DE00B52154 /* PhotoListViewModel.swift */ = {isa = PBXFileReference; lastKnownFileType = sourcecode.swift; path = PhotoListViewModel.swift; sourceTree = "<group>"; };
		452E8B8A2A287DE100B52154 /* PhotoListCollectionViewCell.swift */ = {isa = PBXFileReference; lastKnownFileType = sourcecode.swift; path = PhotoListCollectionViewCell.swift; sourceTree = "<group>"; };
		452E8B8F2A2889E100B52154 /* PhotoListCollectionViewDataSource.swift */ = {isa = PBXFileReference; lastKnownFileType = sourcecode.swift; path = PhotoListCollectionViewDataSource.swift; sourceTree = "<group>"; };
		452E8B922A3080D200B52154 /* ImageCache.swift */ = {isa = PBXFileReference; lastKnownFileType = sourcecode.swift; path = ImageCache.swift; sourceTree = "<group>"; };
		452E8B942A3080FA00B52154 /* DownloadableImageView.swift */ = {isa = PBXFileReference; lastKnownFileType = sourcecode.swift; path = DownloadableImageView.swift; sourceTree = "<group>"; };
		452E8BA22A30895700B52154 /* String+Extension.swift */ = {isa = PBXFileReference; lastKnownFileType = sourcecode.swift; path = "String+Extension.swift"; sourceTree = "<group>"; };
		452E8BA42A30898700B52154 /* UIViewController+Extension.swift */ = {isa = PBXFileReference; lastKnownFileType = sourcecode.swift; path = "UIViewController+Extension.swift"; sourceTree = "<group>"; };
		452E8BA72A38764C00B52154 /* en */ = {isa = PBXFileReference; lastKnownFileType = text.plist.strings; name = en; path = en.lproj/Localizable.strings; sourceTree = "<group>"; };
		452E8BA92A38767D00B52154 /* ko */ = {isa = PBXFileReference; lastKnownFileType = text.plist.strings; name = ko; path = ko.lproj/Localizable.strings; sourceTree = "<group>"; };
		45729F172A135675004C07DD /* Unsplash_MVVMClean.app */ = {isa = PBXFileReference; explicitFileType = wrapper.application; includeInIndex = 0; path = Unsplash_MVVMClean.app; sourceTree = BUILT_PRODUCTS_DIR; };
		45729F1A2A135675004C07DD /* AppDelegate.swift */ = {isa = PBXFileReference; lastKnownFileType = sourcecode.swift; path = AppDelegate.swift; sourceTree = "<group>"; };
		45729F1C2A135675004C07DD /* SceneDelegate.swift */ = {isa = PBXFileReference; lastKnownFileType = sourcecode.swift; path = SceneDelegate.swift; sourceTree = "<group>"; };
		45729F1E2A135675004C07DD /* MainTabBarController.swift */ = {isa = PBXFileReference; lastKnownFileType = sourcecode.swift; path = MainTabBarController.swift; sourceTree = "<group>"; };
		45729F232A135677004C07DD /* Assets.xcassets */ = {isa = PBXFileReference; lastKnownFileType = folder.assetcatalog; path = Assets.xcassets; sourceTree = "<group>"; };
		45729F262A135677004C07DD /* Base */ = {isa = PBXFileReference; lastKnownFileType = file.storyboard; name = Base; path = Base.lproj/LaunchScreen.storyboard; sourceTree = "<group>"; };
		45729F282A135677004C07DD /* Info.plist */ = {isa = PBXFileReference; lastKnownFileType = text.plist.xml; path = Info.plist; sourceTree = "<group>"; };
		45729F4C2A15F5D3004C07DD /* Photo.swift */ = {isa = PBXFileReference; lastKnownFileType = sourcecode.swift; path = Photo.swift; sourceTree = "<group>"; };
		45729F512A15F9A5004C07DD /* ImageURLStyle.swift */ = {isa = PBXFileReference; lastKnownFileType = sourcecode.swift; path = ImageURLStyle.swift; sourceTree = "<group>"; };
		45729F532A15FACE004C07DD /* Search.swift */ = {isa = PBXFileReference; lastKnownFileType = sourcecode.swift; path = Search.swift; sourceTree = "<group>"; };
		45729F552A15FB12004C07DD /* Collection.swift */ = {isa = PBXFileReference; lastKnownFileType = sourcecode.swift; path = Collection.swift; sourceTree = "<group>"; };
		45729F572A15FB16004C07DD /* User.swift */ = {isa = PBXFileReference; lastKnownFileType = sourcecode.swift; path = User.swift; sourceTree = "<group>"; };
		45729F5A2A15FF4D004C07DD /* Endpoint.swift */ = {isa = PBXFileReference; lastKnownFileType = sourcecode.swift; path = Endpoint.swift; sourceTree = "<group>"; };
		45729F5C2A15FFF2004C07DD /* HTTPMethod.swift */ = {isa = PBXFileReference; lastKnownFileType = sourcecode.swift; path = HTTPMethod.swift; sourceTree = "<group>"; };
		45729F5E2A160118004C07DD /* NetworkError.swift */ = {isa = PBXFileReference; lastKnownFileType = sourcecode.swift; path = NetworkError.swift; sourceTree = "<group>"; };
		45729F602A16013E004C07DD /* NetworkProvider.swift */ = {isa = PBXFileReference; lastKnownFileType = sourcecode.swift; path = NetworkProvider.swift; sourceTree = "<group>"; };
		45729F642A16023F004C07DD /* DefaultNetworkProvider.swift */ = {isa = PBXFileReference; lastKnownFileType = sourcecode.swift; path = DefaultNetworkProvider.swift; sourceTree = "<group>"; };
		45729F672A160F41004C07DD /* PhotoRepository.swift */ = {isa = PBXFileReference; lastKnownFileType = sourcecode.swift; path = PhotoRepository.swift; sourceTree = "<group>"; };
		45729F692A160FCE004C07DD /* SearchRepository.swift */ = {isa = PBXFileReference; lastKnownFileType = sourcecode.swift; path = SearchRepository.swift; sourceTree = "<group>"; };
		45729F6B2A1611EE004C07DD /* CategoryRepository.swift */ = {isa = PBXFileReference; lastKnownFileType = sourcecode.swift; path = CategoryRepository.swift; sourceTree = "<group>"; };
		45729F6D2A161325004C07DD /* Category.swift */ = {isa = PBXFileReference; lastKnownFileType = sourcecode.swift; path = Category.swift; sourceTree = "<group>"; };
		45729F782A1621EE004C07DD /* UnsplashResponseDTO+Mapping.swift */ = {isa = PBXFileReference; lastKnownFileType = sourcecode.swift; path = "UnsplashResponseDTO+Mapping.swift"; sourceTree = "<group>"; };
		45729F7A2A162239004C07DD /* UnsplashResponseDTO.swift */ = {isa = PBXFileReference; lastKnownFileType = sourcecode.swift; path = UnsplashResponseDTO.swift; sourceTree = "<group>"; };
		45729F7D2A1894E9004C07DD /* UnsplahAPIEndpoint.swift */ = {isa = PBXFileReference; lastKnownFileType = sourcecode.swift; path = UnsplahAPIEndpoint.swift; sourceTree = "<group>"; };
		45729F862A18C375004C07DD /* PhotoListEndpoint.swift */ = {isa = PBXFileReference; lastKnownFileType = sourcecode.swift; path = PhotoListEndpoint.swift; sourceTree = "<group>"; };
		45729F902A1F3E91004C07DD /* SearchCollectionEndpoint.swift */ = {isa = PBXFileReference; lastKnownFileType = sourcecode.swift; path = SearchCollectionEndpoint.swift; sourceTree = "<group>"; };
		45729F922A1F44DF004C07DD /* SearchPhotoEndpoint.swift */ = {isa = PBXFileReference; lastKnownFileType = sourcecode.swift; path = SearchPhotoEndpoint.swift; sourceTree = "<group>"; };
		45729F942A1F4568004C07DD /* CategoryEndpoint.swift */ = {isa = PBXFileReference; lastKnownFileType = sourcecode.swift; path = CategoryEndpoint.swift; sourceTree = "<group>"; };
		45729F962A1F458A004C07DD /* SearchUserEndpoint.swift */ = {isa = PBXFileReference; lastKnownFileType = sourcecode.swift; path = SearchUserEndpoint.swift; sourceTree = "<group>"; };
		45729F992A1F4ABC004C07DD /* DefaultPhotoRepository.swift */ = {isa = PBXFileReference; lastKnownFileType = sourcecode.swift; path = DefaultPhotoRepository.swift; sourceTree = "<group>"; };
		45729F9B2A1F4B8D004C07DD /* DefaultCategoryRepository.swift */ = {isa = PBXFileReference; lastKnownFileType = sourcecode.swift; path = DefaultCategoryRepository.swift; sourceTree = "<group>"; };
		45729F9D2A1F4C14004C07DD /* DefaultSearchRepository.swift */ = {isa = PBXFileReference; lastKnownFileType = sourcecode.swift; path = DefaultSearchRepository.swift; sourceTree = "<group>"; };
		45729FA12A20D32B004C07DD /* PhotoUseCase.swift */ = {isa = PBXFileReference; lastKnownFileType = sourcecode.swift; path = PhotoUseCase.swift; sourceTree = "<group>"; };
		45729FA32A20D43C004C07DD /* CategoryUseCase.swift */ = {isa = PBXFileReference; lastKnownFileType = sourcecode.swift; path = CategoryUseCase.swift; sourceTree = "<group>"; };
		45729FA52A20D499004C07DD /* SearchUseCase.swift */ = {isa = PBXFileReference; lastKnownFileType = sourcecode.swift; path = SearchUseCase.swift; sourceTree = "<group>"; };
/* End PBXFileReference section */

/* Begin PBXFrameworksBuildPhase section */
		45729F142A135675004C07DD /* Frameworks */ = {
			isa = PBXFrameworksBuildPhase;
			buildActionMask = 2147483647;
			files = (
				452E8B9E2A30829700B52154 /* SnapKit in Frameworks */,
			);
			runOnlyForDeploymentPostprocessing = 0;
		};
/* End PBXFrameworksBuildPhase section */

/* Begin PBXGroup section */
		452E8B852A25B9CF00B52154 /* PhotoListView */ = {
			isa = PBXGroup;
			children = (
				452E8B862A25B9DE00B52154 /* PhotoListViewModel.swift */,
				452E8B8F2A2889E100B52154 /* PhotoListCollectionViewDataSource.swift */,
				452E8B8E2A28891F00B52154 /* Cell */,
			);
			path = PhotoListView;
			sourceTree = "<group>";
		};
		452E8B8E2A28891F00B52154 /* Cell */ = {
			isa = PBXGroup;
			children = (
				452E8B8A2A287DE100B52154 /* PhotoListCollectionViewCell.swift */,
			);
			path = Cell;
			sourceTree = "<group>";
		};
		452E8B912A3080BD00B52154 /* Utils */ = {
			isa = PBXGroup;
			children = (
				452E8B922A3080D200B52154 /* ImageCache.swift */,
				452E8B942A3080FA00B52154 /* DownloadableImageView.swift */,
				452E8B9F2A30893200B52154 /* Extension */,
			);
			path = Utils;
			sourceTree = "<group>";
		};
		452E8B9F2A30893200B52154 /* Extension */ = {
			isa = PBXGroup;
			children = (
				452E8BA22A30895700B52154 /* String+Extension.swift */,
				452E8BA42A30898700B52154 /* UIViewController+Extension.swift */,
			);
			path = Extension;
			sourceTree = "<group>";
		};
		45729F0E2A135675004C07DD = {
			isa = PBXGroup;
			children = (
				45729F192A135675004C07DD /* Unsplash_MVVMClean */,
				45729F182A135675004C07DD /* Products */,
			);
			sourceTree = "<group>";
		};
		45729F182A135675004C07DD /* Products */ = {
			isa = PBXGroup;
			children = (
				45729F172A135675004C07DD /* Unsplash_MVVMClean.app */,
			);
			name = Products;
			sourceTree = "<group>";
		};
		45729F192A135675004C07DD /* Unsplash_MVVMClean */ = {
			isa = PBXGroup;
			children = (
				45729F1A2A135675004C07DD /* AppDelegate.swift */,
				45729F1C2A135675004C07DD /* SceneDelegate.swift */,
				452E8B912A3080BD00B52154 /* Utils */,
				45729F482A15F3EB004C07DD /* Presentation */,
				45729F492A15F3FE004C07DD /* Domain */,
				45729F762A1621B1004C07DD /* Data */,
				45729F4E2A15F8D1004C07DD /* infrastructure */,
				45729F4A2A15F477004C07DD /* Resource */,
			);
			path = Unsplash_MVVMClean;
			sourceTree = "<group>";
		};
		45729F482A15F3EB004C07DD /* Presentation */ = {
			isa = PBXGroup;
			children = (
				45729F1E2A135675004C07DD /* MainTabBarController.swift */,
				452E8B852A25B9CF00B52154 /* PhotoListView */,
			);
			path = Presentation;
			sourceTree = "<group>";
		};
		45729F492A15F3FE004C07DD /* Domain */ = {
			isa = PBXGroup;
			children = (
				45729F4B2A15F5C6004C07DD /* Model */,
				45729F662A160E96004C07DD /* RepositoryInterface */,
				45729FA02A20D316004C07DD /* UseCase */,
			);
			path = Domain;
			sourceTree = "<group>";
		};
		45729F4A2A15F477004C07DD /* Resource */ = {
			isa = PBXGroup;
			children = (
				45729F252A135677004C07DD /* LaunchScreen.storyboard */,
				45729F232A135677004C07DD /* Assets.xcassets */,
				45729F282A135677004C07DD /* Info.plist */,
				452E8BA82A38764C00B52154 /* Localizable.strings */,
			);
			path = Resource;
			sourceTree = "<group>";
		};
		45729F4B2A15F5C6004C07DD /* Model */ = {
			isa = PBXGroup;
			children = (
				45729F4C2A15F5D3004C07DD /* Photo.swift */,
				45729F552A15FB12004C07DD /* Collection.swift */,
				45729F572A15FB16004C07DD /* User.swift */,
				45729F6D2A161325004C07DD /* Category.swift */,
				45729F512A15F9A5004C07DD /* ImageURLStyle.swift */,
				45729F532A15FACE004C07DD /* Search.swift */,
			);
			path = Model;
			sourceTree = "<group>";
		};
		45729F4E2A15F8D1004C07DD /* infrastructure */ = {
			isa = PBXGroup;
			children = (
				45729F592A15FF35004C07DD /* Network */,
			);
			path = infrastructure;
			sourceTree = "<group>";
		};
		45729F592A15FF35004C07DD /* Network */ = {
			isa = PBXGroup;
			children = (
				45729F5C2A15FFF2004C07DD /* HTTPMethod.swift */,
				45729F5A2A15FF4D004C07DD /* Endpoint.swift */,
				45729F5E2A160118004C07DD /* NetworkError.swift */,
				45729F602A16013E004C07DD /* NetworkProvider.swift */,
				45729F642A16023F004C07DD /* DefaultNetworkProvider.swift */,
			);
			path = Network;
			sourceTree = "<group>";
		};
		45729F662A160E96004C07DD /* RepositoryInterface */ = {
			isa = PBXGroup;
			children = (
				45729F672A160F41004C07DD /* PhotoRepository.swift */,
				45729F6B2A1611EE004C07DD /* CategoryRepository.swift */,
				45729F692A160FCE004C07DD /* SearchRepository.swift */,
			);
			path = RepositoryInterface;
			sourceTree = "<group>";
		};
		45729F762A1621B1004C07DD /* Data */ = {
			isa = PBXGroup;
			children = (
				45729F9F2A1F4DDB004C07DD /* Network */,
				45729F982A1F4A97004C07DD /* Repository */,
			);
			path = Data;
			sourceTree = "<group>";
		};
		45729F772A1621C1004C07DD /* Response */ = {
			isa = PBXGroup;
			children = (
				45729F782A1621EE004C07DD /* UnsplashResponseDTO+Mapping.swift */,
				45729F7A2A162239004C07DD /* UnsplashResponseDTO.swift */,
			);
			path = Response;
			sourceTree = "<group>";
		};
		45729F7C2A1894D0004C07DD /* Endpoint */ = {
			isa = PBXGroup;
			children = (
				45729F862A18C375004C07DD /* PhotoListEndpoint.swift */,
				45729F942A1F4568004C07DD /* CategoryEndpoint.swift */,
				45729F922A1F44DF004C07DD /* SearchPhotoEndpoint.swift */,
				45729F902A1F3E91004C07DD /* SearchCollectionEndpoint.swift */,
				45729F962A1F458A004C07DD /* SearchUserEndpoint.swift */,
				45729F7F2A18953A004C07DD /* Protocol */,
			);
			path = Endpoint;
			sourceTree = "<group>";
		};
		45729F7F2A18953A004C07DD /* Protocol */ = {
			isa = PBXGroup;
			children = (
				45729F7D2A1894E9004C07DD /* UnsplahAPIEndpoint.swift */,
			);
			path = Protocol;
			sourceTree = "<group>";
		};
		45729F982A1F4A97004C07DD /* Repository */ = {
			isa = PBXGroup;
			children = (
				45729F992A1F4ABC004C07DD /* DefaultPhotoRepository.swift */,
				45729F9B2A1F4B8D004C07DD /* DefaultCategoryRepository.swift */,
				45729F9D2A1F4C14004C07DD /* DefaultSearchRepository.swift */,
			);
			path = Repository;
			sourceTree = "<group>";
		};
		45729F9F2A1F4DDB004C07DD /* Network */ = {
			isa = PBXGroup;
			children = (
				45729F7C2A1894D0004C07DD /* Endpoint */,
				45729F772A1621C1004C07DD /* Response */,
			);
			path = Network;
			sourceTree = "<group>";
		};
		45729FA02A20D316004C07DD /* UseCase */ = {
			isa = PBXGroup;
			children = (
				45729FA12A20D32B004C07DD /* PhotoUseCase.swift */,
				45729FA32A20D43C004C07DD /* CategoryUseCase.swift */,
				45729FA52A20D499004C07DD /* SearchUseCase.swift */,
			);
			path = UseCase;
			sourceTree = "<group>";
		};
/* End PBXGroup section */

/* Begin PBXNativeTarget section */
		45729F162A135675004C07DD /* Unsplash_MVVMClean */ = {
			isa = PBXNativeTarget;
			buildConfigurationList = 45729F2B2A135677004C07DD /* Build configuration list for PBXNativeTarget "Unsplash_MVVMClean" */;
			buildPhases = (
				45729F132A135675004C07DD /* Sources */,
				45729F142A135675004C07DD /* Frameworks */,
				45729F152A135675004C07DD /* Resources */,
			);
			buildRules = (
			);
			dependencies = (
			);
			name = Unsplash_MVVMClean;
			packageProductDependencies = (
				452E8B9D2A30829700B52154 /* SnapKit */,
			);
			productName = Unsplash_MVVMClean;
			productReference = 45729F172A135675004C07DD /* Unsplash_MVVMClean.app */;
			productType = "com.apple.product-type.application";
		};
/* End PBXNativeTarget section */

/* Begin PBXProject section */
		45729F0F2A135675004C07DD /* Project object */ = {
			isa = PBXProject;
			attributes = {
				BuildIndependentTargetsInParallel = 1;
				LastSwiftUpdateCheck = 1410;
				LastUpgradeCheck = 1410;
				TargetAttributes = {
					45729F162A135675004C07DD = {
						CreatedOnToolsVersion = 14.1;
					};
				};
			};
			buildConfigurationList = 45729F122A135675004C07DD /* Build configuration list for PBXProject "Unsplash_MVVMClean" */;
			compatibilityVersion = "Xcode 14.0";
			developmentRegion = en;
			hasScannedForEncodings = 0;
			knownRegions = (
				en,
				Base,
				ko,
			);
			mainGroup = 45729F0E2A135675004C07DD;
			packageReferences = (
				452E8B9C2A30829700B52154 /* XCRemoteSwiftPackageReference "SnapKit" */,
			);
			productRefGroup = 45729F182A135675004C07DD /* Products */;
			projectDirPath = "";
			projectRoot = "";
			targets = (
				45729F162A135675004C07DD /* Unsplash_MVVMClean */,
			);
		};
/* End PBXProject section */

/* Begin PBXResourcesBuildPhase section */
		45729F152A135675004C07DD /* Resources */ = {
			isa = PBXResourcesBuildPhase;
			buildActionMask = 2147483647;
			files = (
				45729F272A135677004C07DD /* LaunchScreen.storyboard in Resources */,
				452E8BA62A38764C00B52154 /* Localizable.strings in Resources */,
				45729F242A135677004C07DD /* Assets.xcassets in Resources */,
			);
			runOnlyForDeploymentPostprocessing = 0;
		};
/* End PBXResourcesBuildPhase section */

/* Begin PBXSourcesBuildPhase section */
		45729F132A135675004C07DD /* Sources */ = {
			isa = PBXSourcesBuildPhase;
			buildActionMask = 2147483647;
			files = (
				45729F952A1F4568004C07DD /* CategoryEndpoint.swift in Sources */,
				45729F4D2A15F5D3004C07DD /* Photo.swift in Sources */,
				45729F682A160F41004C07DD /* PhotoRepository.swift in Sources */,
				45729F832A18988D004C07DD /* (null) in Sources */,
				45729F912A1F3E91004C07DD /* SearchCollectionEndpoint.swift in Sources */,
				45729F5B2A15FF4D004C07DD /* Endpoint.swift in Sources */,
				452E8B952A3080FA00B52154 /* DownloadableImageView.swift in Sources */,
				45729F652A16023F004C07DD /* DefaultNetworkProvider.swift in Sources */,
				452E8BA52A30898700B52154 /* UIViewController+Extension.swift in Sources */,
				45729F6E2A161325004C07DD /* Category.swift in Sources */,
				45729F1F2A135675004C07DD /* MainTabBarController.swift in Sources */,
				45729F1B2A135675004C07DD /* AppDelegate.swift in Sources */,
				452E8B932A3080D200B52154 /* ImageCache.swift in Sources */,
				452E8B902A2889E100B52154 /* PhotoListCollectionViewDataSource.swift in Sources */,
				45729FA62A20D499004C07DD /* SearchUseCase.swift in Sources */,
				45729F9E2A1F4C14004C07DD /* DefaultSearchRepository.swift in Sources */,
				45729F6A2A160FCE004C07DD /* SearchRepository.swift in Sources */,
				45729F542A15FACE004C07DD /* Search.swift in Sources */,
				45729F792A1621EE004C07DD /* UnsplashResponseDTO+Mapping.swift in Sources */,
				45729F7E2A1894E9004C07DD /* UnsplahAPIEndpoint.swift in Sources */,
				452E8BA32A30895700B52154 /* String+Extension.swift in Sources */,
				45729F612A16013E004C07DD /* NetworkProvider.swift in Sources */,
				45729F7B2A162239004C07DD /* UnsplashResponseDTO.swift in Sources */,
				45729FA22A20D32B004C07DD /* PhotoUseCase.swift in Sources */,
				45729F6C2A1611EE004C07DD /* CategoryRepository.swift in Sources */,
				45729F582A15FB16004C07DD /* User.swift in Sources */,
				45729F1D2A135675004C07DD /* SceneDelegate.swift in Sources */,
				45729F972A1F458A004C07DD /* SearchUserEndpoint.swift in Sources */,
				45729FA42A20D43C004C07DD /* CategoryUseCase.swift in Sources */,
				45729F562A15FB12004C07DD /* Collection.swift in Sources */,
				452E8B872A25B9DE00B52154 /* PhotoListViewModel.swift in Sources */,
				452E8B8B2A287DE100B52154 /* PhotoListCollectionViewCell.swift in Sources */,
				45729F5D2A15FFF2004C07DD /* HTTPMethod.swift in Sources */,
				45729F9C2A1F4B8D004C07DD /* DefaultCategoryRepository.swift in Sources */,
				45729F5F2A160118004C07DD /* NetworkError.swift in Sources */,
				45729F932A1F44DF004C07DD /* SearchPhotoEndpoint.swift in Sources */,
				45729F522A15F9A5004C07DD /* ImageURLStyle.swift in Sources */,
				45729F9A2A1F4ABC004C07DD /* DefaultPhotoRepository.swift in Sources */,
				45729F872A18C375004C07DD /* PhotoListEndpoint.swift in Sources */,
			);
			runOnlyForDeploymentPostprocessing = 0;
		};
/* End PBXSourcesBuildPhase section */

/* Begin PBXVariantGroup section */
		452E8BA82A38764C00B52154 /* Localizable.strings */ = {
			isa = PBXVariantGroup;
			children = (
				452E8BA72A38764C00B52154 /* en */,
				452E8BA92A38767D00B52154 /* ko */,
			);
			name = Localizable.strings;
			sourceTree = "<group>";
		};
		45729F252A135677004C07DD /* LaunchScreen.storyboard */ = {
			isa = PBXVariantGroup;
			children = (
				45729F262A135677004C07DD /* Base */,
			);
			name = LaunchScreen.storyboard;
			sourceTree = "<group>";
		};
/* End PBXVariantGroup section */

/* Begin XCBuildConfiguration section */
		45729F292A135677004C07DD /* Debug */ = {
			isa = XCBuildConfiguration;
			buildSettings = {
				ALWAYS_SEARCH_USER_PATHS = NO;
				CLANG_ANALYZER_LOCALIZABILITY_NONLOCALIZED = YES;
				CLANG_ANALYZER_NONNULL = YES;
				CLANG_ANALYZER_NUMBER_OBJECT_CONVERSION = YES_AGGRESSIVE;
				CLANG_CXX_LANGUAGE_STANDARD = "gnu++20";
				CLANG_ENABLE_MODULES = YES;
				CLANG_ENABLE_OBJC_ARC = YES;
				CLANG_ENABLE_OBJC_WEAK = YES;
				CLANG_WARN_BLOCK_CAPTURE_AUTORELEASING = YES;
				CLANG_WARN_BOOL_CONVERSION = YES;
				CLANG_WARN_COMMA = YES;
				CLANG_WARN_CONSTANT_CONVERSION = YES;
				CLANG_WARN_DEPRECATED_OBJC_IMPLEMENTATIONS = YES;
				CLANG_WARN_DIRECT_OBJC_ISA_USAGE = YES_ERROR;
				CLANG_WARN_DOCUMENTATION_COMMENTS = YES;
				CLANG_WARN_EMPTY_BODY = YES;
				CLANG_WARN_ENUM_CONVERSION = YES;
				CLANG_WARN_INFINITE_RECURSION = YES;
				CLANG_WARN_INT_CONVERSION = YES;
				CLANG_WARN_NON_LITERAL_NULL_CONVERSION = YES;
				CLANG_WARN_OBJC_IMPLICIT_RETAIN_SELF = YES;
				CLANG_WARN_OBJC_LITERAL_CONVERSION = YES;
				CLANG_WARN_OBJC_ROOT_CLASS = YES_ERROR;
				CLANG_WARN_QUOTED_INCLUDE_IN_FRAMEWORK_HEADER = YES;
				CLANG_WARN_RANGE_LOOP_ANALYSIS = YES;
				CLANG_WARN_STRICT_PROTOTYPES = YES;
				CLANG_WARN_SUSPICIOUS_MOVE = YES;
				CLANG_WARN_UNGUARDED_AVAILABILITY = YES_AGGRESSIVE;
				CLANG_WARN_UNREACHABLE_CODE = YES;
				CLANG_WARN__DUPLICATE_METHOD_MATCH = YES;
				COPY_PHASE_STRIP = NO;
				DEBUG_INFORMATION_FORMAT = dwarf;
				ENABLE_STRICT_OBJC_MSGSEND = YES;
				ENABLE_TESTABILITY = YES;
				GCC_C_LANGUAGE_STANDARD = gnu11;
				GCC_DYNAMIC_NO_PIC = NO;
				GCC_NO_COMMON_BLOCKS = YES;
				GCC_OPTIMIZATION_LEVEL = 0;
				GCC_PREPROCESSOR_DEFINITIONS = (
					"DEBUG=1",
					"$(inherited)",
				);
				GCC_WARN_64_TO_32_BIT_CONVERSION = YES;
				GCC_WARN_ABOUT_RETURN_TYPE = YES_ERROR;
				GCC_WARN_UNDECLARED_SELECTOR = YES;
				GCC_WARN_UNINITIALIZED_AUTOS = YES_AGGRESSIVE;
				GCC_WARN_UNUSED_FUNCTION = YES;
				GCC_WARN_UNUSED_VARIABLE = YES;
				IPHONEOS_DEPLOYMENT_TARGET = 16.1;
				MTL_ENABLE_DEBUG_INFO = INCLUDE_SOURCE;
				MTL_FAST_MATH = YES;
				ONLY_ACTIVE_ARCH = YES;
				SDKROOT = iphoneos;
				SWIFT_ACTIVE_COMPILATION_CONDITIONS = DEBUG;
				SWIFT_OPTIMIZATION_LEVEL = "-Onone";
			};
			name = Debug;
		};
		45729F2A2A135677004C07DD /* Release */ = {
			isa = XCBuildConfiguration;
			buildSettings = {
				ALWAYS_SEARCH_USER_PATHS = NO;
				CLANG_ANALYZER_LOCALIZABILITY_NONLOCALIZED = YES;
				CLANG_ANALYZER_NONNULL = YES;
				CLANG_ANALYZER_NUMBER_OBJECT_CONVERSION = YES_AGGRESSIVE;
				CLANG_CXX_LANGUAGE_STANDARD = "gnu++20";
				CLANG_ENABLE_MODULES = YES;
				CLANG_ENABLE_OBJC_ARC = YES;
				CLANG_ENABLE_OBJC_WEAK = YES;
				CLANG_WARN_BLOCK_CAPTURE_AUTORELEASING = YES;
				CLANG_WARN_BOOL_CONVERSION = YES;
				CLANG_WARN_COMMA = YES;
				CLANG_WARN_CONSTANT_CONVERSION = YES;
				CLANG_WARN_DEPRECATED_OBJC_IMPLEMENTATIONS = YES;
				CLANG_WARN_DIRECT_OBJC_ISA_USAGE = YES_ERROR;
				CLANG_WARN_DOCUMENTATION_COMMENTS = YES;
				CLANG_WARN_EMPTY_BODY = YES;
				CLANG_WARN_ENUM_CONVERSION = YES;
				CLANG_WARN_INFINITE_RECURSION = YES;
				CLANG_WARN_INT_CONVERSION = YES;
				CLANG_WARN_NON_LITERAL_NULL_CONVERSION = YES;
				CLANG_WARN_OBJC_IMPLICIT_RETAIN_SELF = YES;
				CLANG_WARN_OBJC_LITERAL_CONVERSION = YES;
				CLANG_WARN_OBJC_ROOT_CLASS = YES_ERROR;
				CLANG_WARN_QUOTED_INCLUDE_IN_FRAMEWORK_HEADER = YES;
				CLANG_WARN_RANGE_LOOP_ANALYSIS = YES;
				CLANG_WARN_STRICT_PROTOTYPES = YES;
				CLANG_WARN_SUSPICIOUS_MOVE = YES;
				CLANG_WARN_UNGUARDED_AVAILABILITY = YES_AGGRESSIVE;
				CLANG_WARN_UNREACHABLE_CODE = YES;
				CLANG_WARN__DUPLICATE_METHOD_MATCH = YES;
				COPY_PHASE_STRIP = NO;
				DEBUG_INFORMATION_FORMAT = "dwarf-with-dsym";
				ENABLE_NS_ASSERTIONS = NO;
				ENABLE_STRICT_OBJC_MSGSEND = YES;
				GCC_C_LANGUAGE_STANDARD = gnu11;
				GCC_NO_COMMON_BLOCKS = YES;
				GCC_WARN_64_TO_32_BIT_CONVERSION = YES;
				GCC_WARN_ABOUT_RETURN_TYPE = YES_ERROR;
				GCC_WARN_UNDECLARED_SELECTOR = YES;
				GCC_WARN_UNINITIALIZED_AUTOS = YES_AGGRESSIVE;
				GCC_WARN_UNUSED_FUNCTION = YES;
				GCC_WARN_UNUSED_VARIABLE = YES;
				IPHONEOS_DEPLOYMENT_TARGET = 16.1;
				MTL_ENABLE_DEBUG_INFO = NO;
				MTL_FAST_MATH = YES;
				SDKROOT = iphoneos;
				SWIFT_COMPILATION_MODE = wholemodule;
				SWIFT_OPTIMIZATION_LEVEL = "-O";
				VALIDATE_PRODUCT = YES;
			};
			name = Release;
		};
		45729F2C2A135677004C07DD /* Debug */ = {
			isa = XCBuildConfiguration;
			buildSettings = {
				ASSETCATALOG_COMPILER_APPICON_NAME = AppIcon;
				ASSETCATALOG_COMPILER_GLOBAL_ACCENT_COLOR_NAME = AccentColor;
				CODE_SIGN_STYLE = Automatic;
				CURRENT_PROJECT_VERSION = 1;
				GENERATE_INFOPLIST_FILE = YES;
				INFOPLIST_FILE = Unsplash_MVVMClean/Resource/Info.plist;
				INFOPLIST_KEY_UIApplicationSupportsIndirectInputEvents = YES;
				INFOPLIST_KEY_UILaunchStoryboardName = LaunchScreen;
				INFOPLIST_KEY_UISupportedInterfaceOrientations_iPad = "UIInterfaceOrientationPortrait UIInterfaceOrientationPortraitUpsideDown UIInterfaceOrientationLandscapeLeft UIInterfaceOrientationLandscapeRight";
				INFOPLIST_KEY_UISupportedInterfaceOrientations_iPhone = "UIInterfaceOrientationPortrait UIInterfaceOrientationLandscapeLeft UIInterfaceOrientationLandscapeRight";
				LD_RUNPATH_SEARCH_PATHS = (
					"$(inherited)",
					"@executable_path/Frameworks",
				);
				MARKETING_VERSION = 1.0;
				PRODUCT_BUNDLE_IDENTIFIER = "com.example.Tak95-samplecode.Unsplash-MVVMClean";
				PRODUCT_NAME = "$(TARGET_NAME)";
				SWIFT_EMIT_LOC_STRINGS = YES;
				SWIFT_VERSION = 5.0;
				TARGETED_DEVICE_FAMILY = "1,2";
			};
			name = Debug;
		};
		45729F2D2A135677004C07DD /* Release */ = {
			isa = XCBuildConfiguration;
			buildSettings = {
				ASSETCATALOG_COMPILER_APPICON_NAME = AppIcon;
				ASSETCATALOG_COMPILER_GLOBAL_ACCENT_COLOR_NAME = AccentColor;
				CODE_SIGN_STYLE = Automatic;
				CURRENT_PROJECT_VERSION = 1;
				GENERATE_INFOPLIST_FILE = YES;
				INFOPLIST_FILE = Unsplash_MVVMClean/Resource/Info.plist;
				INFOPLIST_KEY_UIApplicationSupportsIndirectInputEvents = YES;
				INFOPLIST_KEY_UILaunchStoryboardName = LaunchScreen;
				INFOPLIST_KEY_UISupportedInterfaceOrientations_iPad = "UIInterfaceOrientationPortrait UIInterfaceOrientationPortraitUpsideDown UIInterfaceOrientationLandscapeLeft UIInterfaceOrientationLandscapeRight";
				INFOPLIST_KEY_UISupportedInterfaceOrientations_iPhone = "UIInterfaceOrientationPortrait UIInterfaceOrientationLandscapeLeft UIInterfaceOrientationLandscapeRight";
				LD_RUNPATH_SEARCH_PATHS = (
					"$(inherited)",
					"@executable_path/Frameworks",
				);
				MARKETING_VERSION = 1.0;
				PRODUCT_BUNDLE_IDENTIFIER = "com.example.Tak95-samplecode.Unsplash-MVVMClean";
				PRODUCT_NAME = "$(TARGET_NAME)";
				SWIFT_EMIT_LOC_STRINGS = YES;
				SWIFT_VERSION = 5.0;
				TARGETED_DEVICE_FAMILY = "1,2";
			};
			name = Release;
		};
/* End XCBuildConfiguration section */

/* Begin XCConfigurationList section */
		45729F122A135675004C07DD /* Build configuration list for PBXProject "Unsplash_MVVMClean" */ = {
			isa = XCConfigurationList;
			buildConfigurations = (
				45729F292A135677004C07DD /* Debug */,
				45729F2A2A135677004C07DD /* Release */,
			);
			defaultConfigurationIsVisible = 0;
			defaultConfigurationName = Release;
		};
		45729F2B2A135677004C07DD /* Build configuration list for PBXNativeTarget "Unsplash_MVVMClean" */ = {
			isa = XCConfigurationList;
			buildConfigurations = (
				45729F2C2A135677004C07DD /* Debug */,
				45729F2D2A135677004C07DD /* Release */,
			);
			defaultConfigurationIsVisible = 0;
			defaultConfigurationName = Release;
		};
/* End XCConfigurationList section */

/* Begin XCRemoteSwiftPackageReference section */
		452E8B9C2A30829700B52154 /* XCRemoteSwiftPackageReference "SnapKit" */ = {
			isa = XCRemoteSwiftPackageReference;
			repositoryURL = "https://github.com/SnapKit/SnapKit.git";
			requirement = {
				kind = upToNextMajorVersion;
				minimumVersion = 5.0.0;
			};
		};
/* End XCRemoteSwiftPackageReference section */

/* Begin XCSwiftPackageProductDependency section */
		452E8B9D2A30829700B52154 /* SnapKit */ = {
			isa = XCSwiftPackageProductDependency;
			package = 452E8B9C2A30829700B52154 /* XCRemoteSwiftPackageReference "SnapKit" */;
			productName = SnapKit;
		};
/* End XCSwiftPackageProductDependency section */
	};
	rootObject = 45729F0F2A135675004C07DD /* Project object */;
}
